
Microsoft Visual Studio Solution File, Format Version 12.00
# Visual Studio Version 17
VisualStudioVersion = 17.0.31903.59
MinimumVisualStudioVersion = 10.0.40219.1
Project("{FAE04EC0-301F-11D3-BF4B-00C04F79EFBC}") = "ServiceBusBot.CLI", "ServiceBusBot.CLI\ServiceBusBot.CLI.csproj", "{F5E56AA7-E249-4763-9868-D7AA2D850A74}"
EndProject
Project("{FAE04EC0-301F-11D3-BF4B-00C04F79EFBC}") = "ServiceBusBot.Domain", "ServiceBusBot.Domain\ServiceBusBot.Domain.csproj", "{6BBC0982-D6A6-401A-901F-4AD7AFDD419C}"
EndProject
Project("{FAE04EC0-301F-11D3-BF4B-00C04F79EFBC}") = "ServiceBusBot.ServiceBus", "ServiceBusBot.ServiceBus\ServiceBusBot.ServiceBus.csproj", "{DF386994-E96B-472B-9B4E-C5A2F1C3FAC6}"
EndProject
Project("{FAE04EC0-301F-11D3-BF4B-00C04F79EFBC}") = "ServiceBusBot.Storage", "ServiceBusBot.Storage\ServiceBusBot.Storage.csproj", "{9F5460E5-89FD-4ABB-968A-2B4C198E0D75}"
EndProject
Project("{FAE04EC0-301F-11D3-BF4B-00C04F79EFBC}") = "ServiceBusBot.Agents", "ServiceBusBot.Agents\ServiceBusBot.Agents.csproj", "{E16F13C9-A1FB-448B-825E-3DA777E0CFC5}"
EndProject
Global
	GlobalSection(SolutionConfigurationPlatforms) = preSolution
		Debug|Any CPU = Debug|Any CPU
		Release|Any CPU = Release|Any CPU
	EndGlobalSection
	GlobalSection(ProjectConfigurationPlatforms) = postSolution
		{F5E56AA7-E249-4763-9868-D7AA2D850A74}.Debug|Any CPU.ActiveCfg = Debug|Any CPU
		{F5E56AA7-E249-4763-9868-D7AA2D850A74}.Debug|Any CPU.Build.0 = Debug|Any CPU
		{F5E56AA7-E249-4763-9868-D7AA2D850A74}.Release|Any CPU.ActiveCfg = Release|Any CPU
		{F5E56AA7-E249-4763-9868-D7AA2D850A74}.Release|Any CPU.Build.0 = Release|Any CPU
		{6BBC0982-D6A6-401A-901F-4AD7AFDD419C}.Debug|Any CPU.ActiveCfg = Debug|Any CPU
		{6BBC0982-D6A6-401A-901F-4AD7AFDD419C}.Debug|Any CPU.Build.0 = Debug|Any CPU
		{6BBC0982-D6A6-401A-901F-4AD7AFDD419C}.Release|Any CPU.ActiveCfg = Release|Any CPU
		{6BBC0982-D6A6-401A-901F-4AD7AFDD419C}.Release|Any CPU.Build.0 = Release|Any CPU
		{DF386994-E96B-472B-9B4E-C5A2F1C3FAC6}.Debug|Any CPU.ActiveCfg = Debug|Any CPU
		{DF386994-E96B-472B-9B4E-C5A2F1C3FAC6}.Debug|Any CPU.Build.0 = Debug|Any CPU
		{DF386994-E96B-472B-9B4E-C5A2F1C3FAC6}.Release|Any CPU.ActiveCfg = Release|Any CPU
		{DF386994-E96B-472B-9B4E-C5A2F1C3FAC6}.Release|Any CPU.Build.0 = Release|Any CPU
		{F2EE6F94-2220-47F9-9213-33EC1AA99692}.Debug|Any CPU.ActiveCfg = Debug|Any CPU
		{F2EE6F94-2220-47F9-9213-33EC1AA99692}.Debug|Any CPU.Build.0 = Debug|Any CPU
		{F2EE6F94-2220-47F9-9213-33EC1AA99692}.Release|Any CPU.ActiveCfg = Release|Any CPU
		{F2EE6F94-2220-47F9-9213-33EC1AA99692}.Release|Any CPU.Build.0 = Release|Any CPU
		{9F5460E5-89FD-4ABB-968A-2B4C198E0D75}.Debug|Any CPU.ActiveCfg = Debug|Any CPU
		{9F5460E5-89FD-4ABB-968A-2B4C198E0D75}.Debug|Any CPU.Build.0 = Debug|Any CPU
		{9F5460E5-89FD-4ABB-968A-2B4C198E0D75}.Release|Any CPU.ActiveCfg = Release|Any CPU
		{9F5460E5-89FD-4ABB-968A-2B4C198E0D75}.Release|Any CPU.Build.0 = Release|Any CPU
		{E16F13C9-A1FB-448B-825E-3DA777E0CFC5}.Debug|Any CPU.ActiveCfg = Debug|Any CPU
		{E16F13C9-A1FB-448B-825E-3DA777E0CFC5}.Debug|Any CPU.Build.0 = Debug|Any CPU
		{E16F13C9-A1FB-448B-825E-3DA777E0CFC5}.Release|Any CPU.ActiveCfg = Release|Any CPU
		{E16F13C9-A1FB-448B-825E-3DA777E0CFC5}.Release|Any CPU.Build.0 = Release|Any CPU
	EndGlobalSection
	GlobalSection(SolutionProperties) = preSolution
		HideSolutionNode = FALSE
	EndGlobalSection
EndGlobal
